
Microsoft Visual Studio Solution File, Format Version 12.00
# Visual Studio Version 17
VisualStudioVersion = 17.12.35506.116
MinimumVisualStudioVersion = 10.0.40219.1
Project("{FAE04EC0-301F-11D3-BF4B-00C04F79EFBC}") = "NameResolver", "NameResolver.csproj", "{47FFD8DA-F49F-4DA6-9008-B4BB239F01BB}"
EndProject
Project("{FAE04EC0-301F-11D3-BF4B-00C04F79EFBC}") = "UnitTest", "..\UnitTest\UnitTest.csproj", "{AF18E043-3F43-4A38-BEB4-8A5DD72933D2}"
EndProject
Global
	GlobalSection(SolutionConfigurationPlatforms) = preSolution
		Debug|Any CPU = Debug|Any CPU
		Release|Any CPU = Release|Any CPU
	EndGlobalSection
	GlobalSection(ProjectConfigurationPlatforms) = postSolution
		{47FFD8DA-F49F-4DA6-9008-B4BB239F01BB}.Debug|Any CPU.ActiveCfg = Debug|Any CPU
		{47FFD8DA-F49F-4DA6-9008-B4BB239F01BB}.Debug|Any CPU.Build.0 = Debug|Any CPU
		{47FFD8DA-F49F-4DA6-9008-B4BB239F01BB}.Release|Any CPU.ActiveCfg = Release|Any CPU
		{47FFD8DA-F49F-4DA6-9008-B4BB239F01BB}.Release|Any CPU.Build.0 = Release|Any CPU
		{AF18E043-3F43-4A38-BEB4-8A5DD72933D2}.Debug|Any CPU.ActiveCfg = Debug|Any CPU
		{AF18E043-3F43-4A38-BEB4-8A5DD72933D2}.Debug|Any CPU.Build.0 = Debug|Any CPU
		{AF18E043-3F43-4A38-BEB4-8A5DD72933D2}.Release|Any CPU.ActiveCfg = Release|Any CPU
		{AF18E043-3F43-4A38-BEB4-8A5DD72933D2}.Release|Any CPU.Build.0 = Release|Any CPU
	EndGlobalSection
	GlobalSection(SolutionProperties) = preSolution
		HideSolutionNode = FALSE
	EndGlobalSection
EndGlobal
